
Microsoft Visual Studio Solution File, Format Version 12.00
# Visual Studio Version 17
VisualStudioVersion = 17.11.35327.3
MinimumVisualStudioVersion = 10.0.40219.1
Project("{FAE04EC0-301F-11D3-BF4B-00C04F79EFBC}") = "SDC1 Knowledge Check 2", "SDC1 Knowledge Check 2.csproj", "{4D5F2BCE-4981-4850-9149-EAEB9C5DDF32}"
EndProject
Global
	GlobalSection(SolutionConfigurationPlatforms) = preSolution
		Debug|Any CPU = Debug|Any CPU
		Release|Any CPU = Release|Any CPU
	EndGlobalSection
	GlobalSection(ProjectConfigurationPlatforms) = postSolution
		{4D5F2BCE-4981-4850-9149-EAEB9C5DDF32}.Debug|Any CPU.ActiveCfg = Debug|Any CPU
		{4D5F2BCE-4981-4850-9149-EAEB9C5DDF32}.Debug|Any CPU.Build.0 = Debug|Any CPU
		{4D5F2BCE-4981-4850-9149-EAEB9C5DDF32}.Release|Any CPU.ActiveCfg = Release|Any CPU
		{4D5F2BCE-4981-4850-9149-EAEB9C5DDF32}.Release|Any CPU.Build.0 = Release|Any CPU
	EndGlobalSection
	GlobalSection(SolutionProperties) = preSolution
		HideSolutionNode = FALSE
	EndGlobalSection
	GlobalSection(ExtensibilityGlobals) = postSolution
		SolutionGuid = {AA73D30E-CB02-49AB-ADBA-5E97CC94E7FA}
	EndGlobalSection
EndGlobal
